
Microsoft Visual Studio Solution File, Format Version 12.00
# Visual Studio Version 17
VisualStudioVersion = 17.2.32516.85
MinimumVisualStudioVersion = 10.0.40219.1
Project("{FAE04EC0-301F-11D3-BF4B-00C04F79EFBC}") = "Chapter.WebApi2", "Chapter.WebApi2\Chapter.WebApi2.csproj", "{A8CD3038-6821-4A2C-8CE0-E65B6C6018EE}"
EndProject
Global
	GlobalSection(SolutionConfigurationPlatforms) = preSolution
		Debug|Any CPU = Debug|Any CPU
		Release|Any CPU = Release|Any CPU
	EndGlobalSection
	GlobalSection(ProjectConfigurationPlatforms) = postSolution
		{A8CD3038-6821-4A2C-8CE0-E65B6C6018EE}.Debug|Any CPU.ActiveCfg = Debug|Any CPU
		{A8CD3038-6821-4A2C-8CE0-E65B6C6018EE}.Debug|Any CPU.Build.0 = Debug|Any CPU
		{A8CD3038-6821-4A2C-8CE0-E65B6C6018EE}.Release|Any CPU.ActiveCfg = Release|Any CPU
		{A8CD3038-6821-4A2C-8CE0-E65B6C6018EE}.Release|Any CPU.Build.0 = Release|Any CPU
	EndGlobalSection
	GlobalSection(SolutionProperties) = preSolution
		HideSolutionNode = FALSE
	EndGlobalSection
	GlobalSection(ExtensibilityGlobals) = postSolution
		SolutionGuid = {9685149C-A98B-404D-94F3-B32543680E02}
	EndGlobalSection
EndGlobal
